
Microsoft Visual Studio Solution File, Format Version 12.00
# Visual Studio Version 17
VisualStudioVersion = 17.9.34714.143
MinimumVisualStudioVersion = 10.0.40219.1
Project("{FAE04EC0-301F-11D3-BF4B-00C04F79EFBC}") = "lab8", "lab8.csproj", "{B05BCF3D-C065-437C-87C8-135E434DAB7E}"
EndProject
Global
	GlobalSection(SolutionConfigurationPlatforms) = preSolution
		Debug|Any CPU = Debug|Any CPU
		Release|Any CPU = Release|Any CPU
	EndGlobalSection
	GlobalSection(ProjectConfigurationPlatforms) = postSolution
		{B05BCF3D-C065-437C-87C8-135E434DAB7E}.Debug|Any CPU.ActiveCfg = Debug|Any CPU
		{B05BCF3D-C065-437C-87C8-135E434DAB7E}.Debug|Any CPU.Build.0 = Debug|Any CPU
		{B05BCF3D-C065-437C-87C8-135E434DAB7E}.Debug|Any CPU.Deploy.0 = Debug|Any CPU
		{B05BCF3D-C065-437C-87C8-135E434DAB7E}.Release|Any CPU.ActiveCfg = Release|Any CPU
		{B05BCF3D-C065-437C-87C8-135E434DAB7E}.Release|Any CPU.Build.0 = Release|Any CPU
		{B05BCF3D-C065-437C-87C8-135E434DAB7E}.Release|Any CPU.Deploy.0 = Release|Any CPU
	EndGlobalSection
	GlobalSection(SolutionProperties) = preSolution
		HideSolutionNode = FALSE
	EndGlobalSection
	GlobalSection(ExtensibilityGlobals) = postSolution
		SolutionGuid = {9227014D-4C9B-4F58-A378-85562CF1FA18}
	EndGlobalSection
EndGlobal
