
Microsoft Visual Studio Solution File, Format Version 12.00
# Visual Studio Version 17
VisualStudioVersion = 17.9.34714.143
MinimumVisualStudioVersion = 10.0.40219.1
Project("{FAE04EC0-301F-11D3-BF4B-00C04F79EFBC}") = "lab13", "lab13.csproj", "{FCCC61A0-3C3D-461F-9410-B67ECC1E4AC3}"
EndProject
Global
	GlobalSection(SolutionConfigurationPlatforms) = preSolution
		Debug|Any CPU = Debug|Any CPU
		Release|Any CPU = Release|Any CPU
	EndGlobalSection
	GlobalSection(ProjectConfigurationPlatforms) = postSolution
		{FCCC61A0-3C3D-461F-9410-B67ECC1E4AC3}.Debug|Any CPU.ActiveCfg = Debug|Any CPU
		{FCCC61A0-3C3D-461F-9410-B67ECC1E4AC3}.Debug|Any CPU.Build.0 = Debug|Any CPU
		{FCCC61A0-3C3D-461F-9410-B67ECC1E4AC3}.Release|Any CPU.ActiveCfg = Release|Any CPU
		{FCCC61A0-3C3D-461F-9410-B67ECC1E4AC3}.Release|Any CPU.Build.0 = Release|Any CPU
	EndGlobalSection
	GlobalSection(SolutionProperties) = preSolution
		HideSolutionNode = FALSE
	EndGlobalSection
	GlobalSection(ExtensibilityGlobals) = postSolution
		SolutionGuid = {F95D6BBE-0762-42AB-9498-7FC197F75432}
	EndGlobalSection
EndGlobal
