
Microsoft Visual Studio Solution File, Format Version 12.00
# Visual Studio Version 17
VisualStudioVersion = 17.9.34616.47
MinimumVisualStudioVersion = 10.0.40219.1
Project("{FAE04EC0-301F-11D3-BF4B-00C04F79EFBC}") = "lab3", "lab3.csproj", "{D483F1BF-7D0A-468E-9B80-4FC4B998D80B}"
EndProject
Global
	GlobalSection(SolutionConfigurationPlatforms) = preSolution
		Debug|Any CPU = Debug|Any CPU
		Release|Any CPU = Release|Any CPU
	EndGlobalSection
	GlobalSection(ProjectConfigurationPlatforms) = postSolution
		{D483F1BF-7D0A-468E-9B80-4FC4B998D80B}.Debug|Any CPU.ActiveCfg = Debug|Any CPU
		{D483F1BF-7D0A-468E-9B80-4FC4B998D80B}.Debug|Any CPU.Build.0 = Debug|Any CPU
		{D483F1BF-7D0A-468E-9B80-4FC4B998D80B}.Release|Any CPU.ActiveCfg = Release|Any CPU
		{D483F1BF-7D0A-468E-9B80-4FC4B998D80B}.Release|Any CPU.Build.0 = Release|Any CPU
	EndGlobalSection
	GlobalSection(SolutionProperties) = preSolution
		HideSolutionNode = FALSE
	EndGlobalSection
	GlobalSection(ExtensibilityGlobals) = postSolution
		SolutionGuid = {94EB68BF-19CF-44B8-8683-5795BAB15E7E}
	EndGlobalSection
EndGlobal
